// !$*UTF8*$!
{
	archiveVersion = 1;
	classes = {
	};
	objectVersion = 46;
	objects = {

/* Begin PBXBuildFile section */
		1856A6481B56720300726E45 /* PopupCell.xib in Resources */ = {isa = PBXBuildFile; fileRef = 1856A6471B56720300726E45 /* PopupCell.xib */; };
		189330EC1B5508D60061BA52 /* main.m in Sources */ = {isa = PBXBuildFile; fileRef = 189330EB1B5508D60061BA52 /* main.m */; };
		189330EF1B5508D60061BA52 /* AppDelegate.m in Sources */ = {isa = PBXBuildFile; fileRef = 189330EE1B5508D60061BA52 /* AppDelegate.m */; };
		189330F21B5508D60061BA52 /* ViewController.m in Sources */ = {isa = PBXBuildFile; fileRef = 189330F11B5508D60061BA52 /* ViewController.m */; };
		189330F51B5508D60061BA52 /* Main.storyboard in Resources */ = {isa = PBXBuildFile; fileRef = 189330F31B5508D60061BA52 /* Main.storyboard */; };
		189330F71B5508D60061BA52 /* Images.xcassets in Resources */ = {isa = PBXBuildFile; fileRef = 189330F61B5508D60061BA52 /* Images.xcassets */; };
		189330FA1B5508D60061BA52 /* LaunchScreen.xib in Resources */ = {isa = PBXBuildFile; fileRef = 189330F81B5508D60061BA52 /* LaunchScreen.xib */; };
		189331121B5509230061BA52 /* DMPopupAlert.m in Sources */ = {isa = PBXBuildFile; fileRef = 189331111B5509230061BA52 /* DMPopupAlert.m */; };
		1893311B1B5509E00061BA52 /* DMPopupItem.m in Sources */ = {isa = PBXBuildFile; fileRef = 1893311A1B5509E00061BA52 /* DMPopupItem.m */; };
		1893311E1B550D4B0061BA52 /* DMPopupAlertTableViewCell.m in Sources */ = {isa = PBXBuildFile; fileRef = 1893311D1B550D4B0061BA52 /* DMPopupAlertTableViewCell.m */; };
		189331201B550D600061BA52 /* DMPopupAlertTableViewCell.xib in Resources */ = {isa = PBXBuildFile; fileRef = 1893311F1B550D600061BA52 /* DMPopupAlertTableViewCell.xib */; };
		189331231B550E910061BA52 /* DMPopupManager.m in Sources */ = {isa = PBXBuildFile; fileRef = 189331221B550E910061BA52 /* DMPopupManager.m */; };
		18E52EB21B56517800F92118 /* NSString+TextSize.m in Sources */ = {isa = PBXBuildFile; fileRef = 18E52EB11B56517800F92118 /* NSString+TextSize.m */; };
/* End PBXBuildFile section */

/* Begin PBXFileReference section */
		1856A6471B56720300726E45 /* PopupCell.xib */ = {isa = PBXFileReference; fileEncoding = 4; lastKnownFileType = file.xib; path = PopupCell.xib; sourceTree = "<group>"; };
		189330E61B5508D60061BA52 /* DMPopupAlert.app */ = {isa = PBXFileReference; explicitFileType = wrapper.application; includeInIndex = 0; path = DMPopupAlert.app; sourceTree = BUILT_PRODUCTS_DIR; };
		189330EA1B5508D60061BA52 /* Info.plist */ = {isa = PBXFileReference; lastKnownFileType = text.plist.xml; path = Info.plist; sourceTree = "<group>"; };
		189330EB1B5508D60061BA52 /* main.m */ = {isa = PBXFileReference; lastKnownFileType = sourcecode.c.objc; path = main.m; sourceTree = "<group>"; };
		189330ED1B5508D60061BA52 /* AppDelegate.h */ = {isa = PBXFileReference; lastKnownFileType = sourcecode.c.h; path = AppDelegate.h; sourceTree = "<group>"; };
		189330EE1B5508D60061BA52 /* AppDelegate.m */ = {isa = PBXFileReference; lastKnownFileType = sourcecode.c.objc; path = AppDelegate.m; sourceTree = "<group>"; };
		189330F01B5508D60061BA52 /* ViewController.h */ = {isa = PBXFileReference; lastKnownFileType = sourcecode.c.h; path = ViewController.h; sourceTree = "<group>"; };
		189330F11B5508D60061BA52 /* ViewController.m */ = {isa = PBXFileReference; lastKnownFileType = sourcecode.c.objc; path = ViewController.m; sourceTree = "<group>"; };
		189330F41B5508D60061BA52 /* Base */ = {isa = PBXFileReference; lastKnownFileType = file.storyboard; name = Base; path = Base.lproj/Main.storyboard; sourceTree = "<group>"; };
		189330F61B5508D60061BA52 /* Images.xcassets */ = {isa = PBXFileReference; lastKnownFileType = folder.assetcatalog; path = Images.xcassets; sourceTree = "<group>"; };
		189330F91B5508D60061BA52 /* Base */ = {isa = PBXFileReference; lastKnownFileType = file.xib; name = Base; path = Base.lproj/LaunchScreen.xib; sourceTree = "<group>"; };
		189331101B5509230061BA52 /* DMPopupAlert.h */ = {isa = PBXFileReference; fileEncoding = 4; lastKnownFileType = sourcecode.c.h; path = DMPopupAlert.h; sourceTree = "<group>"; };
		189331111B5509230061BA52 /* DMPopupAlert.m */ = {isa = PBXFileReference; fileEncoding = 4; lastKnownFileType = sourcecode.c.objc; path = DMPopupAlert.m; sourceTree = "<group>"; };
		189331191B5509E00061BA52 /* DMPopupItem.h */ = {isa = PBXFileReference; fileEncoding = 4; lastKnownFileType = sourcecode.c.h; path = DMPopupItem.h; sourceTree = "<group>"; };
		1893311A1B5509E00061BA52 /* DMPopupItem.m */ = {isa = PBXFileReference; fileEncoding = 4; lastKnownFileType = sourcecode.c.objc; path = DMPopupItem.m; sourceTree = "<group>"; };
		1893311C1B550D4B0061BA52 /* DMPopupAlertTableViewCell.h */ = {isa = PBXFileReference; fileEncoding = 4; lastKnownFileType = sourcecode.c.h; path = DMPopupAlertTableViewCell.h; sourceTree = "<group>"; };
		1893311D1B550D4B0061BA52 /* DMPopupAlertTableViewCell.m */ = {isa = PBXFileReference; fileEncoding = 4; lastKnownFileType = sourcecode.c.objc; path = DMPopupAlertTableViewCell.m; sourceTree = "<group>"; };
		1893311F1B550D600061BA52 /* DMPopupAlertTableViewCell.xib */ = {isa = PBXFileReference; fileEncoding = 4; lastKnownFileType = file.xib; path = DMPopupAlertTableViewCell.xib; sourceTree = "<group>"; };
		189331211B550E910061BA52 /* DMPopupManager.h */ = {isa = PBXFileReference; fileEncoding = 4; lastKnownFileType = sourcecode.c.h; path = DMPopupManager.h; sourceTree = "<group>"; };
		189331221B550E910061BA52 /* DMPopupManager.m */ = {isa = PBXFileReference; fileEncoding = 4; lastKnownFileType = sourcecode.c.objc; path = DMPopupManager.m; sourceTree = "<group>"; };
		18E52EB01B56517800F92118 /* NSString+TextSize.h */ = {isa = PBXFileReference; fileEncoding = 4; lastKnownFileType = sourcecode.c.h; path = "NSString+TextSize.h"; sourceTree = "<group>"; };
		18E52EB11B56517800F92118 /* NSString+TextSize.m */ = {isa = PBXFileReference; fileEncoding = 4; lastKnownFileType = sourcecode.c.objc; path = "NSString+TextSize.m"; sourceTree = "<group>"; };
/* End PBXFileReference section */

/* Begin PBXFrameworksBuildPhase section */
		189330E31B5508D60061BA52 /* Frameworks */ = {
			isa = PBXFrameworksBuildPhase;
			buildActionMask = 2147483647;
			files = (
			);
			runOnlyForDeploymentPostprocessing = 0;
		};
/* End PBXFrameworksBuildPhase section */

/* Begin PBXGroup section */
		189330DD1B5508D60061BA52 = {
			isa = PBXGroup;
			children = (
				1893310F1B55090E0061BA52 /* DMPopupAlert */,
				189330E81B5508D60061BA52 /* classes */,
				189330E71B5508D60061BA52 /* Products */,
			);
			sourceTree = "<group>";
		};
		189330E71B5508D60061BA52 /* Products */ = {
			isa = PBXGroup;
			children = (
				189330E61B5508D60061BA52 /* DMPopupAlert.app */,
			);
			name = Products;
			sourceTree = "<group>";
		};
		189330E81B5508D60061BA52 /* classes */ = {
			isa = PBXGroup;
			children = (
				1856A6471B56720300726E45 /* PopupCell.xib */,
				18E52EAF1B56517800F92118 /* categories */,
				189330ED1B5508D60061BA52 /* AppDelegate.h */,
				189330EE1B5508D60061BA52 /* AppDelegate.m */,
				189330F01B5508D60061BA52 /* ViewController.h */,
				189330F11B5508D60061BA52 /* ViewController.m */,
				189330F31B5508D60061BA52 /* Main.storyboard */,
				189330F61B5508D60061BA52 /* Images.xcassets */,
				189330F81B5508D60061BA52 /* LaunchScreen.xib */,
				189330E91B5508D60061BA52 /* Supporting Files */,
			);
			path = classes;
			sourceTree = "<group>";
		};
		189330E91B5508D60061BA52 /* Supporting Files */ = {
			isa = PBXGroup;
			children = (
				189330EA1B5508D60061BA52 /* Info.plist */,
				189330EB1B5508D60061BA52 /* main.m */,
			);
			name = "Supporting Files";
			sourceTree = "<group>";
		};
		1893310F1B55090E0061BA52 /* DMPopupAlert */ = {
			isa = PBXGroup;
			children = (
				189331191B5509E00061BA52 /* DMPopupItem.h */,
				1893311A1B5509E00061BA52 /* DMPopupItem.m */,
				189331101B5509230061BA52 /* DMPopupAlert.h */,
				189331111B5509230061BA52 /* DMPopupAlert.m */,
				1893311C1B550D4B0061BA52 /* DMPopupAlertTableViewCell.h */,
				1893311D1B550D4B0061BA52 /* DMPopupAlertTableViewCell.m */,
				1893311F1B550D600061BA52 /* DMPopupAlertTableViewCell.xib */,
				189331211B550E910061BA52 /* DMPopupManager.h */,
				189331221B550E910061BA52 /* DMPopupManager.m */,
			);
			path = DMPopupAlert;
			sourceTree = "<group>";
		};
		18E52EAF1B56517800F92118 /* categories */ = {
			isa = PBXGroup;
			children = (
				18E52EB01B56517800F92118 /* NSString+TextSize.h */,
				18E52EB11B56517800F92118 /* NSString+TextSize.m */,
			);
			path = categories;
			sourceTree = "<group>";
		};
/* End PBXGroup section */

/* Begin PBXNativeTarget section */
		189330E51B5508D60061BA52 /* DMPopupAlert */ = {
			isa = PBXNativeTarget;
			buildConfigurationList = 189331091B5508D60061BA52 /* Build configuration list for PBXNativeTarget "DMPopupAlert" */;
			buildPhases = (
				189330E21B5508D60061BA52 /* Sources */,
				189330E31B5508D60061BA52 /* Frameworks */,
				189330E41B5508D60061BA52 /* Resources */,
			);
			buildRules = (
			);
			dependencies = (
			);
			name = DMPopupAlert;
			productName = testPopup;
			productReference = 189330E61B5508D60061BA52 /* DMPopupAlert.app */;
			productType = "com.apple.product-type.application";
		};
/* End PBXNativeTarget section */

/* Begin PBXProject section */
		189330DE1B5508D60061BA52 /* Project object */ = {
			isa = PBXProject;
			attributes = {
				LastUpgradeCheck = 0640;
				ORGANIZATIONNAME = "Avvakumov Dmitry";
				TargetAttributes = {
					189330E51B5508D60061BA52 = {
						CreatedOnToolsVersion = 6.4;
					};
				};
			};
			buildConfigurationList = 189330E11B5508D60061BA52 /* Build configuration list for PBXProject "DMPopupAlert" */;
			compatibilityVersion = "Xcode 3.2";
			developmentRegion = English;
			hasScannedForEncodings = 0;
			knownRegions = (
				en,
				Base,
			);
			mainGroup = 189330DD1B5508D60061BA52;
			productRefGroup = 189330E71B5508D60061BA52 /* Products */;
			projectDirPath = "";
			projectRoot = "";
			targets = (
				189330E51B5508D60061BA52 /* DMPopupAlert */,
			);
		};
/* End PBXProject section */

/* Begin PBXResourcesBuildPhase section */
		189330E41B5508D60061BA52 /* Resources */ = {
			isa = PBXResourcesBuildPhase;
			buildActionMask = 2147483647;
			files = (
				189330F51B5508D60061BA52 /* Main.storyboard in Resources */,
				189330FA1B5508D60061BA52 /* LaunchScreen.xib in Resources */,
				189331201B550D600061BA52 /* DMPopupAlertTableViewCell.xib in Resources */,
				189330F71B5508D60061BA52 /* Images.xcassets in Resources */,
				1856A6481B56720300726E45 /* PopupCell.xib in Resources */,
			);
			runOnlyForDeploymentPostprocessing = 0;
		};
/* End PBXResourcesBuildPhase section */

/* Begin PBXSourcesBuildPhase section */
		189330E21B5508D60061BA52 /* Sources */ = {
			isa = PBXSourcesBuildPhase;
			buildActionMask = 2147483647;
			files = (
				189330F21B5508D60061BA52 /* ViewController.m in Sources */,
				18E52EB21B56517800F92118 /* NSString+TextSize.m in Sources */,
				189330EF1B5508D60061BA52 /* AppDelegate.m in Sources */,
				189331231B550E910061BA52 /* DMPopupManager.m in Sources */,
				1893311E1B550D4B0061BA52 /* DMPopupAlertTableViewCell.m in Sources */,
				189331121B5509230061BA52 /* DMPopupAlert.m in Sources */,
				189330EC1B5508D60061BA52 /* main.m in Sources */,
				1893311B1B5509E00061BA52 /* DMPopupItem.m in Sources */,
			);
			runOnlyForDeploymentPostprocessing = 0;
		};
/* End PBXSourcesBuildPhase section */

/* Begin PBXVariantGroup section */
		189330F31B5508D60061BA52 /* Main.storyboard */ = {
			isa = PBXVariantGroup;
			children = (
				189330F41B5508D60061BA52 /* Base */,
			);
			name = Main.storyboard;
			sourceTree = "<group>";
		};
		189330F81B5508D60061BA52 /* LaunchScreen.xib */ = {
			isa = PBXVariantGroup;
			children = (
				189330F91B5508D60061BA52 /* Base */,
			);
			name = LaunchScreen.xib;
			sourceTree = "<group>";
		};
/* End PBXVariantGroup section */

/* Begin XCBuildConfiguration section */
		189331071B5508D60061BA52 /* Debug */ = {
			isa = XCBuildConfiguration;
			buildSettings = {
				ALWAYS_SEARCH_USER_PATHS = NO;
				CLANG_CXX_LANGUAGE_STANDARD = "gnu++0x";
				CLANG_CXX_LIBRARY = "libc++";
				CLANG_ENABLE_MODULES = YES;
				CLANG_ENABLE_OBJC_ARC = YES;
				CLANG_WARN_BOOL_CONVERSION = YES;
				CLANG_WARN_CONSTANT_CONVERSION = YES;
				CLANG_WARN_DIRECT_OBJC_ISA_USAGE = YES_ERROR;
				CLANG_WARN_EMPTY_BODY = YES;
				CLANG_WARN_ENUM_CONVERSION = YES;
				CLANG_WARN_INT_CONVERSION = YES;
				CLANG_WARN_OBJC_ROOT_CLASS = YES_ERROR;
				CLANG_WARN_UNREACHABLE_CODE = YES;
				CLANG_WARN__DUPLICATE_METHOD_MATCH = YES;
				"CODE_SIGN_IDENTITY[sdk=iphoneos*]" = "iPhone Developer";
				COPY_PHASE_STRIP = NO;
				DEBUG_INFORMATION_FORMAT = "dwarf-with-dsym";
				ENABLE_STRICT_OBJC_MSGSEND = YES;
				GCC_C_LANGUAGE_STANDARD = gnu99;
				GCC_DYNAMIC_NO_PIC = NO;
				GCC_NO_COMMON_BLOCKS = YES;
				GCC_OPTIMIZATION_LEVEL = 0;
				GCC_PREPROCESSOR_DEFINITIONS = (
					"DEBUG=1",
					"$(inherited)",
				);
				GCC_SYMBOLS_PRIVATE_EXTERN = NO;
				GCC_WARN_64_TO_32_BIT_CONVERSION = YES;
				GCC_WARN_ABOUT_RETURN_TYPE = YES_ERROR;
				GCC_WARN_UNDECLARED_SELECTOR = YES;
				GCC_WARN_UNINITIALIZED_AUTOS = YES_AGGRESSIVE;
				GCC_WARN_UNUSED_FUNCTION = YES;
				GCC_WARN_UNUSED_VARIABLE = YES;
				IPHONEOS_DEPLOYMENT_TARGET = 8.4;
				MTL_ENABLE_DEBUG_INFO = YES;
				ONLY_ACTIVE_ARCH = YES;
				SDKROOT = iphoneos;
				TARGETED_DEVICE_FAMILY = "1,2";
			};
			name = Debug;
		};
		189331081B5508D60061BA52 /* Release */ = {
			isa = XCBuildConfiguration;
			buildSettings = {
				ALWAYS_SEARCH_USER_PATHS = NO;
				CLANG_CXX_LANGUAGE_STANDARD = "gnu++0x";
				CLANG_CXX_LIBRARY = "libc++";
				CLANG_ENABLE_MODULES = YES;
				CLANG_ENABLE_OBJC_ARC = YES;
				CLANG_WARN_BOOL_CONVERSION = YES;
				CLANG_WARN_CONSTANT_CONVERSION = YES;
				CLANG_WARN_DIRECT_OBJC_ISA_USAGE = YES_ERROR;
				CLANG_WARN_EMPTY_BODY = YES;
				CLANG_WARN_ENUM_CONVERSION = YES;
				CLANG_WARN_INT_CONVERSION = YES;
				CLANG_WARN_OBJC_ROOT_CLASS = YES_ERROR;
				CLANG_WARN_UNREACHABLE_CODE = YES;
				CLANG_WARN__DUPLICATE_METHOD_MATCH = YES;
				"CODE_SIGN_IDENTITY[sdk=iphoneos*]" = "iPhone Developer";
				COPY_PHASE_STRIP = NO;
				DEBUG_INFORMATION_FORMAT = "dwarf-with-dsym";
				ENABLE_NS_ASSERTIONS = NO;
				ENABLE_STRICT_OBJC_MSGSEND = YES;
				GCC_C_LANGUAGE_STANDARD = gnu99;
				GCC_NO_COMMON_BLOCKS = YES;
				GCC_WARN_64_TO_32_BIT_CONVERSION = YES;
				GCC_WARN_ABOUT_RETURN_TYPE = YES_ERROR;
				GCC_WARN_UNDECLARED_SELECTOR = YES;
				GCC_WARN_UNINITIALIZED_AUTOS = YES_AGGRESSIVE;
				GCC_WARN_UNUSED_FUNCTION = YES;
				GCC_WARN_UNUSED_VARIABLE = YES;
				IPHONEOS_DEPLOYMENT_TARGET = 8.4;
				MTL_ENABLE_DEBUG_INFO = NO;
				SDKROOT = iphoneos;
				TARGETED_DEVICE_FAMILY = "1,2";
				VALIDATE_PRODUCT = YES;
			};
			name = Release;
		};
		1893310A1B5508D60061BA52 /* Debug */ = {
			isa = XCBuildConfiguration;
			buildSettings = {
				ASSETCATALOG_COMPILER_APPICON_NAME = AppIcon;
				INFOPLIST_FILE = classes/Info.plist;
				LD_RUNPATH_SEARCH_PATHS = "$(inherited) @executable_path/Frameworks";
				PRODUCT_NAME = DMPopupAlert;
			};
			name = Debug;
		};
		1893310B1B5508D60061BA52 /* Release */ = {
			isa = XCBuildConfiguration;
			buildSettings = {
				ASSETCATALOG_COMPILER_APPICON_NAME = AppIcon;
				INFOPLIST_FILE = classes/Info.plist;
				LD_RUNPATH_SEARCH_PATHS = "$(inherited) @executable_path/Frameworks";
				PRODUCT_NAME = DMPopupAlert;
			};
			name = Release;
		};
/* End XCBuildConfiguration section */

/* Begin XCConfigurationList section */
		189330E11B5508D60061BA52 /* Build configuration list for PBXProject "DMPopupAlert" */ = {
			isa = XCConfigurationList;
			buildConfigurations = (
				189331071B5508D60061BA52 /* Debug */,
				189331081B5508D60061BA52 /* Release */,
			);
			defaultConfigurationIsVisible = 0;
			defaultConfigurationName = Release;
		};
		189331091B5508D60061BA52 /* Build configuration list for PBXNativeTarget "DMPopupAlert" */ = {
			isa = XCConfigurationList;
			buildConfigurations = (
				1893310A1B5508D60061BA52 /* Debug */,
				1893310B1B5508D60061BA52 /* Release */,
			);
			defaultConfigurationIsVisible = 0;
			defaultConfigurationName = Release;
		};
/* End XCConfigurationList section */
	};
	rootObject = 189330DE1B5508D60061BA52 /* Project object */;
}
